
Microsoft Visual Studio Solution File, Format Version 12.00
# Visual Studio Version 16
VisualStudioVersion = 16.0.29926.136
MinimumVisualStudioVersion = 10.0.40219.1
Project("{9A19103F-16F7-4668-BE54-9A1E7A4F7556}") = "ActeAuto.Web", "ActeAuto.Web\ActeAuto.Web.csproj", "{B4D93811-FA99-42F4-9F65-9D35993F4801}"
EndProject
Project("{FAE04EC0-301F-11D3-BF4B-00C04F79EFBC}") = "ActeAuto.Api", "ActeAuto.Api\ActeAuto.Api.csproj", "{689C1DD7-8EFF-433F-9235-85657883F701}"
EndProject
Global
	GlobalSection(SolutionConfigurationPlatforms) = preSolution
		Debug|Any CPU = Debug|Any CPU
		Release|Any CPU = Release|Any CPU
	EndGlobalSection
	GlobalSection(ProjectConfigurationPlatforms) = postSolution
		{B4D93811-FA99-42F4-9F65-9D35993F4801}.Debug|Any CPU.ActiveCfg = Debug|Any CPU
		{B4D93811-FA99-42F4-9F65-9D35993F4801}.Debug|Any CPU.Build.0 = Debug|Any CPU
		{B4D93811-FA99-42F4-9F65-9D35993F4801}.Release|Any CPU.ActiveCfg = Release|Any CPU
		{B4D93811-FA99-42F4-9F65-9D35993F4801}.Release|Any CPU.Build.0 = Release|Any CPU
		{689C1DD7-8EFF-433F-9235-85657883F701}.Debug|Any CPU.ActiveCfg = Debug|Any CPU
		{689C1DD7-8EFF-433F-9235-85657883F701}.Debug|Any CPU.Build.0 = Debug|Any CPU
		{689C1DD7-8EFF-433F-9235-85657883F701}.Release|Any CPU.ActiveCfg = Release|Any CPU
		{689C1DD7-8EFF-433F-9235-85657883F701}.Release|Any CPU.Build.0 = Release|Any CPU
	EndGlobalSection
	GlobalSection(SolutionProperties) = preSolution
		HideSolutionNode = FALSE
	EndGlobalSection
	GlobalSection(ExtensibilityGlobals) = postSolution
		SolutionGuid = {8C3CF65E-C96F-4AEE-A85D-4301C26FFE76}
	EndGlobalSection
EndGlobal
